PODS:
  - audio_waveforms (0.0.1):
    - Flutter
  - better_player (0.0.1):
    - Cache (~> 6.0.0)
    - Flutter
    - GCDWebServer
    - HLSCachingReverseProxyServer
    - PINCache
  - Cache (6.0.0)
  - camera_avfoundation (0.0.1):
    - Flutter
  - Flutter (1.0.0)
  - flutter_native_splash (0.0.1):
    - Flutter
  - flutter_sound (9.2.13):
    - Flutter
    - flutter_sound_core (= 9.2.13)
  - flutter_sound_core (9.2.13)
  - FMDB (2.7.5):
    - FMDB/standard (= 2.7.5)
  - FMDB/standard (2.7.5)
  - GCDWebServer (3.5.4):
    - GCDWebServer/Core (= 3.5.4)
  - GCDWebServer/Core (3.5.4)
  - HLSCachingReverseProxyServer (0.1.0):
    - GCDWebServer (~> 3.5)
    - PINCache (>= 3.0.1-beta.3)
  - libwebp (1.2.3):
    - libwebp/demux (= 1.2.3)
    - libwebp/mux (= 1.2.3)
    - libwebp/webp (= 1.2.3)
  - libwebp/demux (1.2.3):
    - libwebp/webp
  - libwebp/mux (1.2.3):
    - libwebp/demux
  - libwebp/webp (1.2.3)
  - path_provider_ios (0.0.1):
    - Flutter
  - PINCache (3.0.3):
    - PINCache/Arc-exception-safe (= 3.0.3)
    - PINCache/Core (= 3.0.3)
  - PINCache/Arc-exception-safe (3.0.3):
    - PINCache/Core
  - PINCache/Core (3.0.3):
    - PINOperation (~> 1.2.1)
  - PINOperation (1.2.1)
  - sqflite (0.0.2):
    - Flutter
    - FMDB (>= 2.7.5)
  - video_thumbnail (0.0.1):
    - Flutter
    - libwebp
  - wakelock (0.0.1):
    - Flutter

DEPENDENCIES:
  - audio_waveforms (from `.symlinks/plugins/audio_waveforms/ios`)
  - better_player (from `.symlinks/plugins/better_player/ios`)
  - camera_avfoundation (from `.symlinks/plugins/camera_avfoundation/ios`)
  - Flutter (from `Flutter`)
  - flutter_native_splash (from `.symlinks/plugins/flutter_native_splash/ios`)
  - flutter_sound (from `.symlinks/plugins/flutter_sound/ios`)
  - path_provider_ios (from `.symlinks/plugins/path_provider_ios/ios`)
  - sqflite (from `.symlinks/plugins/sqflite/ios`)
  - video_thumbnail (from `.symlinks/plugins/video_thumbnail/ios`)
  - wakelock (from `.symlinks/plugins/wakelock/ios`)

SPEC REPOS:
  trunk:
    - Cache
    - flutter_sound_core
    - FMDB
    - GCDWebServer
    - HLSCachingReverseProxyServer
    - libwebp
    - PINCache
    - PINOperation

EXTERNAL SOURCES:
  audio_waveforms:
    :path: ".symlinks/plugins/audio_waveforms/ios"
  better_player:
    :path: ".symlinks/plugins/better_player/ios"
  camera_avfoundation:
    :path: ".symlinks/plugins/camera_avfoundation/ios"
  Flutter:
    :path: Flutter
  flutter_native_splash:
    :path: ".symlinks/plugins/flutter_native_splash/ios"
  flutter_sound:
    :path: ".symlinks/plugins/flutter_sound/ios"
  path_provider_ios:
    :path: ".symlinks/plugins/path_provider_ios/ios"
  sqflite:
    :path: ".symlinks/plugins/sqflite/ios"
  video_thumbnail:
    :path: ".symlinks/plugins/video_thumbnail/ios"
  wakelock:
    :path: ".symlinks/plugins/wakelock/ios"

SPEC CHECKSUMS:
  audio_waveforms: cd736909ebc6b6a164eb74701d8c705ce3241e1c
  better_player: 2406bfe8175203c7a46fa15f9d778d73b12e1646
  Cache: 4ca7e00363fca5455f26534e5607634c820ffc2d
  camera_avfoundation: 07c77549ea54ad95d8581be86617c094a46280d9
  Flutter: 50d75fe2f02b26cc09d224853bb45737f8b3214a
  flutter_native_splash: 52501b97d1c0a5f898d687f1646226c1f93c56ef
  flutter_sound: c60effa2a350fb977885f0db2fbc4c1ad5160900
  flutter_sound_core: 26c10e5832e76aaacfae252d8925232281c486ae
  FMDB: 2ce00b547f966261cd18927a3ddb07cb6f3db82a
  GCDWebServer: 2c156a56c8226e2d5c0c3f208a3621ccffbe3ce4
  HLSCachingReverseProxyServer: 59935e1e0244ad7f3375d75b5ef46e8eb26ab181
  libwebp: 60305b2e989864154bd9be3d772730f08fc6a59c
  path_provider_ios: 14f3d2fd28c4fdb42f44e0f751d12861c43cee02
  PINCache: 7a8fc1a691173d21dbddbf86cd515de6efa55086
  PINOperation: 00c935935f1e8cf0d1e2d6b542e75b88fc3e5e20
  sqflite: 6d358c025f5b867b29ed92fc697fd34924e11904
  video_thumbnail: c4e2a3c539e247d4de13cd545344fd2d26ffafd1
  wakelock: d0fc7c864128eac40eba1617cb5264d9c940b46f

PODFILE CHECKSUM: 31754a0cb53947840bc72c7821d1aba8a77ab3eb

COCOAPODS: 1.11.3
